
Microsoft Visual Studio Solution File, Format Version 12.00
# Visual Studio Version 16
VisualStudioVersion = 16.0.31729.503
MinimumVisualStudioVersion = 10.0.40219.1
Project("{FAE04EC0-301F-11D3-BF4B-00C04F79EFBC}") = "Homework2", "Homework2.csproj", "{3BE61AA6-85B9-4872-B5BD-5588347A8FF7}"
EndProject
Global
	GlobalSection(SolutionConfigurationPlatforms) = preSolution
		Debug|Any CPU = Debug|Any CPU
		Release|Any CPU = Release|Any CPU
	EndGlobalSection
	GlobalSection(ProjectConfigurationPlatforms) = postSolution
		{3BE61AA6-85B9-4872-B5BD-5588347A8FF7}.Debug|Any CPU.ActiveCfg = Debug|Any CPU
		{3BE61AA6-85B9-4872-B5BD-5588347A8FF7}.Debug|Any CPU.Build.0 = Debug|Any CPU
		{3BE61AA6-85B9-4872-B5BD-5588347A8FF7}.Release|Any CPU.ActiveCfg = Release|Any CPU
		{3BE61AA6-85B9-4872-B5BD-5588347A8FF7}.Release|Any CPU.Build.0 = Release|Any CPU
	EndGlobalSection
	GlobalSection(SolutionProperties) = preSolution
		HideSolutionNode = FALSE
	EndGlobalSection
	GlobalSection(ExtensibilityGlobals) = postSolution
		SolutionGuid = {B67DE982-5A25-4D6B-A145-3E179CB1F3E0}
	EndGlobalSection
EndGlobal
